{
  "originHash" : "a2fcf144fae7e447bcd62e83667844126910eb355d6f302097551651ad04c06f",
  "pins" : [
    {
      "identity" : "rhea",
      "kind" : "remoteSourceControl",
      "location" : "https://github.com/reers/Rhea.git",
      "state" : {
        "revision" : "208cf64d165931f2765f00f13205a26657bf9f43",
        "version" : "1.0.3"
      }
    },
    {
      "identity" : "swift-syntax",
      "kind" : "remoteSourceControl",
      "location" : "https://github.com/apple/swift-syntax.git",
      "state" : {
        "revision" : "cb53fa1bd3219b0b23ded7dfdd3b2baff266fd25",
        "version" : "600.0.0"
      }
    }
  ],
  "version" : 3
}
