{
  "originHash" : "a2fcf144fae7e447bcd62e83667844126910eb355d6f302097551651ad04c06f",
  "pins" : [
    {
      "identity" : "rhea",
      "kind" : "remoteSourceControl",
      "location" : "https://github.com/reers/Rhea.git",
      "state" : {
        "revision" : "3f14ab52cb6d54e87a3698d79bc7e12c5519739c",
        "version" : "1.0.0"
      }
    },
    {
      "identity" : "swift-syntax",
      "kind" : "remoteSourceControl",
      "location" : "https://github.com/apple/swift-syntax.git",
      "state" : {
        "revision" : "515f79b522918f83483068d99c68daeb5116342d",
        "version" : "600.0.0-prerelease-2024-08-20"
      }
    }
  ],
  "version" : 3
}
