{
  "originHash" : "726b4c9b92480745b88a4d5ff0f55924bf63050a71a69d5c5da2b55e0218f842",
  "pins" : [
    {
      "identity" : "rhea",
      "kind" : "remoteSourceControl",
      "location" : "https://github.com/reers/Rhea.git",
      "state" : {
        "branch" : "feat/register_time_with_macro",
        "revision" : "9dca51cd56fb97023d7ae0ab1f247c9584ba15a1"
      }
    },
    {
      "identity" : "swift-syntax",
      "kind" : "remoteSourceControl",
      "location" : "https://github.com/apple/swift-syntax.git",
      "state" : {
        "revision" : "515f79b522918f83483068d99c68daeb5116342d",
        "version" : "600.0.0-prerelease-2024-08-20"
      }
    }
  ],
  "version" : 3
}
