PODS:
  - Account (0.1.0):
    - RheaExtension
  - RheaExtension (0.1.0):
    - RheaTime (= 1.0.1)
  - RheaTime (1.0.1)

DEPENDENCIES:
  - Account (from `Modules/Account/`)
  - RheaExtension (from `Modules/RheaExtension/`)

SPEC REPOS:
  trunk:
    - RheaTime

EXTERNAL SOURCES:
  Account:
    :path: Modules/Account/
  RheaExtension:
    :path: Modules/RheaExtension/

SPEC CHECKSUMS:
  Account: 80456c5b636faf8afe21d8b455b225076e1252b7
  RheaExtension: 8e489489975859d39ea75d01c86aab1a4d1a496d
  RheaTime: 008358342afa4c1de6a597f1bb1dc20fff111d67

PODFILE CHECKSUM: 71f878e9f8de6fe7feb7cf6d59879d7ce839b785

COCOAPODS: 1.15.2
