PODS:
  - Account (0.1.0):
    - RheaExtension
  - RheaExtension (0.1.0):
    - RheaTime (= 1.0.3)
  - RheaTime (1.0.3)

DEPENDENCIES:
  - Account (from `Modules/Account/`)
  - RheaExtension (from `Modules/RheaExtension/`)

SPEC REPOS:
  trunk:
    - RheaTime

EXTERNAL SOURCES:
  Account:
    :path: Modules/Account/
  RheaExtension:
    :path: Modules/RheaExtension/

SPEC CHECKSUMS:
  Account: 80456c5b636faf8afe21d8b455b225076e1252b7
  RheaExtension: 870f2b39a01b5c1d5ae77b60b31b64501541bdea
  RheaTime: 69f5c12dd629f52005ec689723f511665edc0c50

PODFILE CHECKSUM: a901afd55a9a9607e0f04dc9a04317eab564d064

COCOAPODS: 1.15.2
