{
  "originHash" : "5def7a3af2adda9bec6ad5a4ac69af03e55f112c5a8c9d0831d98dbad1ce8bdd",
  "pins" : [
    {
      "identity" : "rhea",
      "kind" : "remoteSourceControl",
      "location" : "https://github.com/reers/Rhea.git",
      "state" : {
        "revision" : "319dca0c3ba3bd44e83efc0da123d42ad9988d32",
        "version" : "1.1.0"
      }
    },
    {
      "identity" : "swift-syntax",
      "kind" : "remoteSourceControl",
      "location" : "https://github.com/apple/swift-syntax.git",
      "state" : {
        "revision" : "0687f71944021d616d34d922343dcef086855920",
        "version" : "600.0.1"
      }
    }
  ],
  "version" : 3
}
