// !$*UTF8*$!
{
	archiveVersion = 1;
	classes = {
	};
	objectVersion = 56;
	objects = {

/* Begin PBXBuildFile section */
		D04396E12CBD1C5F000C9CDC /* RealityKitContent in Frameworks */ = {isa = PBXBuildFile; productRef = D04396E02CBD1C5F000C9CDC /* RealityKitContent */; };
		D04396E32CBD1C5F000C9CDC /* visionOSDemoApp.swift in Sources */ = {isa = PBXBuildFile; fileRef = D04396E22CBD1C5F000C9CDC /* visionOSDemoApp.swift */; };
		D04396E52CBD1C5F000C9CDC /* ContentView.swift in Sources */ = {isa = PBXBuildFile; fileRef = D04396E42CBD1C5F000C9CDC /* ContentView.swift */; };
		D04396E72CBD1C5F000C9CDC /* ImmersiveView.swift in Sources */ = {isa = PBXBuildFile; fileRef = D04396E62CBD1C5F000C9CDC /* ImmersiveView.swift */; };
		D04396E92CBD1C5F000C9CDC /* ImageBasedLighting.skybox in Resources */ = {isa = PBXBuildFile; fileRef = D04396E82CBD1C5F000C9CDC /* ImageBasedLighting.skybox */; };
		D04396EB2CBD1C61000C9CDC /* Assets.xcassets in Resources */ = {isa = PBXBuildFile; fileRef = D04396EA2CBD1C61000C9CDC /* Assets.xcassets */; };
		D04396EE2CBD1C61000C9CDC /* Preview Assets.xcassets in Resources */ = {isa = PBXBuildFile; fileRef = D04396ED2CBD1C61000C9CDC /* Preview Assets.xcassets */; };
		D04396F72CBD1D23000C9CDC /* RheaTime in Frameworks */ = {isa = PBXBuildFile; productRef = D04396F62CBD1D23000C9CDC /* RheaTime */; };
/* End PBXBuildFile section */

/* Begin PBXFileReference section */
		D04396DB2CBD1C5F000C9CDC /* visionOSDemo.app */ = {isa = PBXFileReference; explicitFileType = wrapper.application; includeInIndex = 0; path = visionOSDemo.app; sourceTree = BUILT_PRODUCTS_DIR; };
		D04396DF2CBD1C5F000C9CDC /* RealityKitContent */ = {isa = PBXFileReference; lastKnownFileType = wrapper; path = RealityKitContent; sourceTree = "<group>"; };
		D04396E22CBD1C5F000C9CDC /* visionOSDemoApp.swift */ = {isa = PBXFileReference; lastKnownFileType = sourcecode.swift; path = visionOSDemoApp.swift; sourceTree = "<group>"; };
		D04396E42CBD1C5F000C9CDC /* ContentView.swift */ = {isa = PBXFileReference; lastKnownFileType = sourcecode.swift; path = ContentView.swift; sourceTree = "<group>"; };
		D04396E62CBD1C5F000C9CDC /* ImmersiveView.swift */ = {isa = PBXFileReference; lastKnownFileType = sourcecode.swift; path = ImmersiveView.swift; sourceTree = "<group>"; };
		D04396E82CBD1C5F000C9CDC /* ImageBasedLighting.skybox */ = {isa = PBXFileReference; lastKnownFileType = file.skybox; path = ImageBasedLighting.skybox; sourceTree = "<group>"; };
		D04396EA2CBD1C61000C9CDC /* Assets.xcassets */ = {isa = PBXFileReference; lastKnownFileType = folder.assetcatalog; path = Assets.xcassets; sourceTree = "<group>"; };
		D04396ED2CBD1C61000C9CDC /* Preview Assets.xcassets */ = {isa = PBXFileReference; lastKnownFileType = folder.assetcatalog; path = "Preview Assets.xcassets"; sourceTree = "<group>"; };
		D04396EF2CBD1C61000C9CDC /* Info.plist */ = {isa = PBXFileReference; lastKnownFileType = text.plist.xml; path = Info.plist; sourceTree = "<group>"; };
/* End PBXFileReference section */

/* Begin PBXFrameworksBuildPhase section */
		D04396D82CBD1C5F000C9CDC /* Frameworks */ = {
			isa = PBXFrameworksBuildPhase;
			buildActionMask = 2147483647;
			files = (
				D04396E12CBD1C5F000C9CDC /* RealityKitContent in Frameworks */,
				D04396F72CBD1D23000C9CDC /* RheaTime in Frameworks */,
			);
			runOnlyForDeploymentPostprocessing = 0;
		};
/* End PBXFrameworksBuildPhase section */

/* Begin PBXGroup section */
		D04396D22CBD1C5F000C9CDC = {
			isa = PBXGroup;
			children = (
				D04396DD2CBD1C5F000C9CDC /* visionOSDemo */,
				D04396DE2CBD1C5F000C9CDC /* Packages */,
				D04396DC2CBD1C5F000C9CDC /* Products */,
			);
			sourceTree = "<group>";
		};
		D04396DC2CBD1C5F000C9CDC /* Products */ = {
			isa = PBXGroup;
			children = (
				D04396DB2CBD1C5F000C9CDC /* visionOSDemo.app */,
			);
			name = Products;
			sourceTree = "<group>";
		};
		D04396DD2CBD1C5F000C9CDC /* visionOSDemo */ = {
			isa = PBXGroup;
			children = (
				D04396E22CBD1C5F000C9CDC /* visionOSDemoApp.swift */,
				D04396E42CBD1C5F000C9CDC /* ContentView.swift */,
				D04396E62CBD1C5F000C9CDC /* ImmersiveView.swift */,
				D04396E82CBD1C5F000C9CDC /* ImageBasedLighting.skybox */,
				D04396EA2CBD1C61000C9CDC /* Assets.xcassets */,
				D04396EF2CBD1C61000C9CDC /* Info.plist */,
				D04396EC2CBD1C61000C9CDC /* Preview Content */,
			);
			path = visionOSDemo;
			sourceTree = "<group>";
		};
		D04396DE2CBD1C5F000C9CDC /* Packages */ = {
			isa = PBXGroup;
			children = (
				D04396DF2CBD1C5F000C9CDC /* RealityKitContent */,
			);
			path = Packages;
			sourceTree = "<group>";
		};
		D04396EC2CBD1C61000C9CDC /* Preview Content */ = {
			isa = PBXGroup;
			children = (
				D04396ED2CBD1C61000C9CDC /* Preview Assets.xcassets */,
			);
			path = "Preview Content";
			sourceTree = "<group>";
		};
/* End PBXGroup section */

/* Begin PBXNativeTarget section */
		D04396DA2CBD1C5F000C9CDC /* visionOSDemo */ = {
			isa = PBXNativeTarget;
			buildConfigurationList = D04396F22CBD1C61000C9CDC /* Build configuration list for PBXNativeTarget "visionOSDemo" */;
			buildPhases = (
				D04396D72CBD1C5F000C9CDC /* Sources */,
				D04396D82CBD1C5F000C9CDC /* Frameworks */,
				D04396D92CBD1C5F000C9CDC /* Resources */,
			);
			buildRules = (
			);
			dependencies = (
			);
			name = visionOSDemo;
			packageProductDependencies = (
				D04396E02CBD1C5F000C9CDC /* RealityKitContent */,
				D04396F62CBD1D23000C9CDC /* RheaTime */,
			);
			productName = visionOSDemo;
			productReference = D04396DB2CBD1C5F000C9CDC /* visionOSDemo.app */;
			productType = "com.apple.product-type.application";
		};
/* End PBXNativeTarget section */

/* Begin PBXProject section */
		D04396D32CBD1C5F000C9CDC /* Project object */ = {
			isa = PBXProject;
			attributes = {
				BuildIndependentTargetsInParallel = 1;
				LastSwiftUpdateCheck = 1540;
				LastUpgradeCheck = 1540;
				TargetAttributes = {
					D04396DA2CBD1C5F000C9CDC = {
						CreatedOnToolsVersion = 15.4;
					};
				};
			};
			buildConfigurationList = D04396D62CBD1C5F000C9CDC /* Build configuration list for PBXProject "visionOSDemo" */;
			compatibilityVersion = "Xcode 14.0";
			developmentRegion = en;
			hasScannedForEncodings = 0;
			knownRegions = (
				en,
				Base,
			);
			mainGroup = D04396D22CBD1C5F000C9CDC;
			packageReferences = (
				D04396F52CBD1D23000C9CDC /* XCRemoteSwiftPackageReference "Rhea" */,
			);
			productRefGroup = D04396DC2CBD1C5F000C9CDC /* Products */;
			projectDirPath = "";
			projectRoot = "";
			targets = (
				D04396DA2CBD1C5F000C9CDC /* visionOSDemo */,
			);
		};
/* End PBXProject section */

/* Begin PBXResourcesBuildPhase section */
		D04396D92CBD1C5F000C9CDC /* Resources */ = {
			isa = PBXResourcesBuildPhase;
			buildActionMask = 2147483647;
			files = (
				D04396EB2CBD1C61000C9CDC /* Assets.xcassets in Resources */,
				D04396EE2CBD1C61000C9CDC /* Preview Assets.xcassets in Resources */,
				D04396E92CBD1C5F000C9CDC /* ImageBasedLighting.skybox in Resources */,
			);
			runOnlyForDeploymentPostprocessing = 0;
		};
/* End PBXResourcesBuildPhase section */

/* Begin PBXSourcesBuildPhase section */
		D04396D72CBD1C5F000C9CDC /* Sources */ = {
			isa = PBXSourcesBuildPhase;
			buildActionMask = 2147483647;
			files = (
				D04396E52CBD1C5F000C9CDC /* ContentView.swift in Sources */,
				D04396E32CBD1C5F000C9CDC /* visionOSDemoApp.swift in Sources */,
				D04396E72CBD1C5F000C9CDC /* ImmersiveView.swift in Sources */,
			);
			runOnlyForDeploymentPostprocessing = 0;
		};
/* End PBXSourcesBuildPhase section */

/* Begin XCBuildConfiguration section */
		D04396F02CBD1C61000C9CDC /* Debug */ = {
			isa = XCBuildConfiguration;
			buildSettings = {
				ALWAYS_SEARCH_USER_PATHS = NO;
				ASSETCATALOG_COMPILER_GENERATE_SWIFT_ASSET_SYMBOL_EXTENSIONS = YES;
				CLANG_ANALYZER_NONNULL = YES;
				CLANG_ANALYZER_NUMBER_OBJECT_CONVERSION = YES_AGGRESSIVE;
				CLANG_CXX_LANGUAGE_STANDARD = "gnu++20";
				CLANG_ENABLE_MODULES = YES;
				CLANG_ENABLE_OBJC_ARC = YES;
				CLANG_ENABLE_OBJC_WEAK = YES;
				CLANG_WARN_BLOCK_CAPTURE_AUTORELEASING = YES;
				CLANG_WARN_BOOL_CONVERSION = YES;
				CLANG_WARN_COMMA = YES;
				CLANG_WARN_CONSTANT_CONVERSION = YES;
				CLANG_WARN_DEPRECATED_OBJC_IMPLEMENTATIONS = YES;
				CLANG_WARN_DIRECT_OBJC_ISA_USAGE = YES_ERROR;
				CLANG_WARN_DOCUMENTATION_COMMENTS = YES;
				CLANG_WARN_EMPTY_BODY = YES;
				CLANG_WARN_ENUM_CONVERSION = YES;
				CLANG_WARN_INFINITE_RECURSION = YES;
				CLANG_WARN_INT_CONVERSION = YES;
				CLANG_WARN_NON_LITERAL_NULL_CONVERSION = YES;
				CLANG_WARN_OBJC_IMPLICIT_RETAIN_SELF = YES;
				CLANG_WARN_OBJC_LITERAL_CONVERSION = YES;
				CLANG_WARN_OBJC_ROOT_CLASS = YES_ERROR;
				CLANG_WARN_QUOTED_INCLUDE_IN_FRAMEWORK_HEADER = YES;
				CLANG_WARN_RANGE_LOOP_ANALYSIS = YES;
				CLANG_WARN_STRICT_PROTOTYPES = YES;
				CLANG_WARN_SUSPICIOUS_MOVE = YES;
				CLANG_WARN_UNGUARDED_AVAILABILITY = YES_AGGRESSIVE;
				CLANG_WARN_UNREACHABLE_CODE = YES;
				CLANG_WARN__DUPLICATE_METHOD_MATCH = YES;
				COPY_PHASE_STRIP = NO;
				DEBUG_INFORMATION_FORMAT = dwarf;
				ENABLE_STRICT_OBJC_MSGSEND = YES;
				ENABLE_TESTABILITY = YES;
				ENABLE_USER_SCRIPT_SANDBOXING = YES;
				GCC_C_LANGUAGE_STANDARD = gnu17;
				GCC_DYNAMIC_NO_PIC = NO;
				GCC_NO_COMMON_BLOCKS = YES;
				GCC_OPTIMIZATION_LEVEL = 0;
				GCC_PREPROCESSOR_DEFINITIONS = (
					"DEBUG=1",
					"$(inherited)",
				);
				GCC_WARN_64_TO_32_BIT_CONVERSION = YES;
				GCC_WARN_ABOUT_RETURN_TYPE = YES_ERROR;
				GCC_WARN_UNDECLARED_SELECTOR = YES;
				GCC_WARN_UNINITIALIZED_AUTOS = YES_AGGRESSIVE;
				GCC_WARN_UNUSED_FUNCTION = YES;
				GCC_WARN_UNUSED_VARIABLE = YES;
				LOCALIZATION_PREFERS_STRING_CATALOGS = YES;
				MTL_ENABLE_DEBUG_INFO = INCLUDE_SOURCE;
				MTL_FAST_MATH = YES;
				ONLY_ACTIVE_ARCH = YES;
				SDKROOT = xros;
				SWIFT_ACTIVE_COMPILATION_CONDITIONS = "DEBUG $(inherited)";
				SWIFT_OPTIMIZATION_LEVEL = "-Onone";
				XROS_DEPLOYMENT_TARGET = 1.2;
			};
			name = Debug;
		};
		D04396F12CBD1C61000C9CDC /* Release */ = {
			isa = XCBuildConfiguration;
			buildSettings = {
				ALWAYS_SEARCH_USER_PATHS = NO;
				ASSETCATALOG_COMPILER_GENERATE_SWIFT_ASSET_SYMBOL_EXTENSIONS = YES;
				CLANG_ANALYZER_NONNULL = YES;
				CLANG_ANALYZER_NUMBER_OBJECT_CONVERSION = YES_AGGRESSIVE;
				CLANG_CXX_LANGUAGE_STANDARD = "gnu++20";
				CLANG_ENABLE_MODULES = YES;
				CLANG_ENABLE_OBJC_ARC = YES;
				CLANG_ENABLE_OBJC_WEAK = YES;
				CLANG_WARN_BLOCK_CAPTURE_AUTORELEASING = YES;
				CLANG_WARN_BOOL_CONVERSION = YES;
				CLANG_WARN_COMMA = YES;
				CLANG_WARN_CONSTANT_CONVERSION = YES;
				CLANG_WARN_DEPRECATED_OBJC_IMPLEMENTATIONS = YES;
				CLANG_WARN_DIRECT_OBJC_ISA_USAGE = YES_ERROR;
				CLANG_WARN_DOCUMENTATION_COMMENTS = YES;
				CLANG_WARN_EMPTY_BODY = YES;
				CLANG_WARN_ENUM_CONVERSION = YES;
				CLANG_WARN_INFINITE_RECURSION = YES;
				CLANG_WARN_INT_CONVERSION = YES;
				CLANG_WARN_NON_LITERAL_NULL_CONVERSION = YES;
				CLANG_WARN_OBJC_IMPLICIT_RETAIN_SELF = YES;
				CLANG_WARN_OBJC_LITERAL_CONVERSION = YES;
				CLANG_WARN_OBJC_ROOT_CLASS = YES_ERROR;
				CLANG_WARN_QUOTED_INCLUDE_IN_FRAMEWORK_HEADER = YES;
				CLANG_WARN_RANGE_LOOP_ANALYSIS = YES;
				CLANG_WARN_STRICT_PROTOTYPES = YES;
				CLANG_WARN_SUSPICIOUS_MOVE = YES;
				CLANG_WARN_UNGUARDED_AVAILABILITY = YES_AGGRESSIVE;
				CLANG_WARN_UNREACHABLE_CODE = YES;
				CLANG_WARN__DUPLICATE_METHOD_MATCH = YES;
				COPY_PHASE_STRIP = NO;
				DEBUG_INFORMATION_FORMAT = "dwarf-with-dsym";
				ENABLE_NS_ASSERTIONS = NO;
				ENABLE_STRICT_OBJC_MSGSEND = YES;
				ENABLE_USER_SCRIPT_SANDBOXING = YES;
				GCC_C_LANGUAGE_STANDARD = gnu17;
				GCC_NO_COMMON_BLOCKS = YES;
				GCC_WARN_64_TO_32_BIT_CONVERSION = YES;
				GCC_WARN_ABOUT_RETURN_TYPE = YES_ERROR;
				GCC_WARN_UNDECLARED_SELECTOR = YES;
				GCC_WARN_UNINITIALIZED_AUTOS = YES_AGGRESSIVE;
				GCC_WARN_UNUSED_FUNCTION = YES;
				GCC_WARN_UNUSED_VARIABLE = YES;
				LOCALIZATION_PREFERS_STRING_CATALOGS = YES;
				MTL_ENABLE_DEBUG_INFO = NO;
				MTL_FAST_MATH = YES;
				SDKROOT = xros;
				SWIFT_COMPILATION_MODE = wholemodule;
				VALIDATE_PRODUCT = YES;
				XROS_DEPLOYMENT_TARGET = 1.2;
			};
			name = Release;
		};
		D04396F32CBD1C61000C9CDC /* Debug */ = {
			isa = XCBuildConfiguration;
			buildSettings = {
				ASSETCATALOG_COMPILER_APPICON_NAME = AppIcon;
				ASSETCATALOG_COMPILER_GLOBAL_ACCENT_COLOR_NAME = AccentColor;
				CODE_SIGN_STYLE = Automatic;
				CURRENT_PROJECT_VERSION = 1;
				DEVELOPMENT_ASSET_PATHS = "\"visionOSDemo/Preview Content\"";
				ENABLE_PREVIEWS = YES;
				GENERATE_INFOPLIST_FILE = YES;
				INFOPLIST_FILE = "$(TARGET_NAME)/Info.plist";
				LD_RUNPATH_SEARCH_PATHS = (
					"$(inherited)",
					"@executable_path/Frameworks",
				);
				MARKETING_VERSION = 1.0;
				OTHER_SWIFT_FLAGS = "-enable-experimental-feature SymbolLinkageMarkers";
				PRODUCT_BUNDLE_IDENTIFIER = com.phoenix.dev.visionOSDemo;
				PRODUCT_NAME = "$(TARGET_NAME)";
				SUPPORTED_PLATFORMS = "xros xrsimulator";
				SWIFT_EMIT_LOC_STRINGS = YES;
				SWIFT_VERSION = 5.0;
				TARGETED_DEVICE_FAMILY = "1,2,7";
			};
			name = Debug;
		};
		D04396F42CBD1C61000C9CDC /* Release */ = {
			isa = XCBuildConfiguration;
			buildSettings = {
				ASSETCATALOG_COMPILER_APPICON_NAME = AppIcon;
				ASSETCATALOG_COMPILER_GLOBAL_ACCENT_COLOR_NAME = AccentColor;
				CODE_SIGN_STYLE = Automatic;
				CURRENT_PROJECT_VERSION = 1;
				DEVELOPMENT_ASSET_PATHS = "\"visionOSDemo/Preview Content\"";
				ENABLE_PREVIEWS = YES;
				GENERATE_INFOPLIST_FILE = YES;
				INFOPLIST_FILE = "$(TARGET_NAME)/Info.plist";
				LD_RUNPATH_SEARCH_PATHS = (
					"$(inherited)",
					"@executable_path/Frameworks",
				);
				MARKETING_VERSION = 1.0;
				OTHER_SWIFT_FLAGS = "-enable-experimental-feature SymbolLinkageMarkers";
				PRODUCT_BUNDLE_IDENTIFIER = com.phoenix.dev.visionOSDemo;
				PRODUCT_NAME = "$(TARGET_NAME)";
				SUPPORTED_PLATFORMS = "xros xrsimulator";
				SWIFT_EMIT_LOC_STRINGS = YES;
				SWIFT_VERSION = 5.0;
				TARGETED_DEVICE_FAMILY = "1,2,7";
			};
			name = Release;
		};
/* End XCBuildConfiguration section */

/* Begin XCConfigurationList section */
		D04396D62CBD1C5F000C9CDC /* Build configuration list for PBXProject "visionOSDemo" */ = {
			isa = XCConfigurationList;
			buildConfigurations = (
				D04396F02CBD1C61000C9CDC /* Debug */,
				D04396F12CBD1C61000C9CDC /* Release */,
			);
			defaultConfigurationIsVisible = 0;
			defaultConfigurationName = Release;
		};
		D04396F22CBD1C61000C9CDC /* Build configuration list for PBXNativeTarget "visionOSDemo" */ = {
			isa = XCConfigurationList;
			buildConfigurations = (
				D04396F32CBD1C61000C9CDC /* Debug */,
				D04396F42CBD1C61000C9CDC /* Release */,
			);
			defaultConfigurationIsVisible = 0;
			defaultConfigurationName = Release;
		};
/* End XCConfigurationList section */

/* Begin XCRemoteSwiftPackageReference section */
		D04396F52CBD1D23000C9CDC /* XCRemoteSwiftPackageReference "Rhea" */ = {
			isa = XCRemoteSwiftPackageReference;
			repositoryURL = "https://github.com/reers/Rhea.git";
			requirement = {
				kind = upToNextMajorVersion;
				minimumVersion = 1.1.0;
			};
		};
/* End XCRemoteSwiftPackageReference section */

/* Begin XCSwiftPackageProductDependency section */
		D04396E02CBD1C5F000C9CDC /* RealityKitContent */ = {
			isa = XCSwiftPackageProductDependency;
			productName = RealityKitContent;
		};
		D04396F62CBD1D23000C9CDC /* RheaTime */ = {
			isa = XCSwiftPackageProductDependency;
			package = D04396F52CBD1D23000C9CDC /* XCRemoteSwiftPackageReference "Rhea" */;
			productName = RheaTime;
		};
/* End XCSwiftPackageProductDependency section */
	};
	rootObject = D04396D32CBD1C5F000C9CDC /* Project object */;
}
